
Microsoft Visual Studio Solution File, Format Version 12.00
# Visual Studio 15
VisualStudioVersion = 15.0.27703.2018
MinimumVisualStudioVersion = 10.0.40219.1
Project("{2150E333-8FDC-42A3-9474-1A3956D46DE8}") = "src", "src", "{B225FF5F-2883-44EF-9056-D1F801CF8DBB}"
EndProject
Project("{9A19103F-16F7-4668-BE54-9A1E7A4F7556}") = "DC.GymLog.Web", "src\DC.GymLog.Web\DC.GymLog.Web.csproj", "{80547334-1037-4B46-B7EE-155C1DEFB80F}"
EndProject
Project("{9A19103F-16F7-4668-BE54-9A1E7A4F7556}") = "DC.GymLog.Data", "src\DC.GymLog.Data\DC.GymLog.Data.csproj", "{EAB190D5-1E3E-4312-BF8E-2D72AD461B4E}"
EndProject
Project("{2150E333-8FDC-42A3-9474-1A3956D46DE8}") = "tests", "tests", "{693F63E1-0148-40D8-8416-1310A26CE2C7}"
EndProject
Project("{9A19103F-16F7-4668-BE54-9A1E7A4F7556}") = "DC.GymLog.UnitTests", "tests\DC.GymLog.UnitTests\DC.GymLog.UnitTests.csproj", "{FFC4A5BB-E453-4AD4-A09B-1CECA9371942}"
EndProject
Project("{FAE04EC0-301F-11D3-BF4B-00C04F79EFBC}") = "DC.GymLog.IntegrationTests", "tests\DC.GymLog.IntegrationTests\DC.GymLog.IntegrationTests.csproj", "{9228F447-A4B6-4A60-97A4-3FEDE0739DAF}"
EndProject
Global
	GlobalSection(SolutionConfigurationPlatforms) = preSolution
		Debug|Any CPU = Debug|Any CPU
		Release|Any CPU = Release|Any CPU
	EndGlobalSection
	GlobalSection(ProjectConfigurationPlatforms) = postSolution
		{80547334-1037-4B46-B7EE-155C1DEFB80F}.Debug|Any CPU.ActiveCfg = Debug|Any CPU
		{80547334-1037-4B46-B7EE-155C1DEFB80F}.Debug|Any CPU.Build.0 = Debug|Any CPU
		{80547334-1037-4B46-B7EE-155C1DEFB80F}.Release|Any CPU.ActiveCfg = Release|Any CPU
		{80547334-1037-4B46-B7EE-155C1DEFB80F}.Release|Any CPU.Build.0 = Release|Any CPU
		{EAB190D5-1E3E-4312-BF8E-2D72AD461B4E}.Debug|Any CPU.ActiveCfg = Debug|Any CPU
		{EAB190D5-1E3E-4312-BF8E-2D72AD461B4E}.Debug|Any CPU.Build.0 = Debug|Any CPU
		{EAB190D5-1E3E-4312-BF8E-2D72AD461B4E}.Release|Any CPU.ActiveCfg = Release|Any CPU
		{EAB190D5-1E3E-4312-BF8E-2D72AD461B4E}.Release|Any CPU.Build.0 = Release|Any CPU
		{FFC4A5BB-E453-4AD4-A09B-1CECA9371942}.Debug|Any CPU.ActiveCfg = Debug|Any CPU
		{FFC4A5BB-E453-4AD4-A09B-1CECA9371942}.Debug|Any CPU.Build.0 = Debug|Any CPU
		{FFC4A5BB-E453-4AD4-A09B-1CECA9371942}.Release|Any CPU.ActiveCfg = Release|Any CPU
		{FFC4A5BB-E453-4AD4-A09B-1CECA9371942}.Release|Any CPU.Build.0 = Release|Any CPU
		{9228F447-A4B6-4A60-97A4-3FEDE0739DAF}.Debug|Any CPU.ActiveCfg = Debug|Any CPU
		{9228F447-A4B6-4A60-97A4-3FEDE0739DAF}.Debug|Any CPU.Build.0 = Debug|Any CPU
		{9228F447-A4B6-4A60-97A4-3FEDE0739DAF}.Release|Any CPU.ActiveCfg = Release|Any CPU
		{9228F447-A4B6-4A60-97A4-3FEDE0739DAF}.Release|Any CPU.Build.0 = Release|Any CPU
	EndGlobalSection
	GlobalSection(SolutionProperties) = preSolution
		HideSolutionNode = FALSE
	EndGlobalSection
	GlobalSection(NestedProjects) = preSolution
		{80547334-1037-4B46-B7EE-155C1DEFB80F} = {B225FF5F-2883-44EF-9056-D1F801CF8DBB}
		{EAB190D5-1E3E-4312-BF8E-2D72AD461B4E} = {B225FF5F-2883-44EF-9056-D1F801CF8DBB}
		{FFC4A5BB-E453-4AD4-A09B-1CECA9371942} = {693F63E1-0148-40D8-8416-1310A26CE2C7}
		{9228F447-A4B6-4A60-97A4-3FEDE0739DAF} = {693F63E1-0148-40D8-8416-1310A26CE2C7}
	EndGlobalSection
	GlobalSection(ExtensibilityGlobals) = postSolution
		SolutionGuid = {02F19700-EE74-4618-ADB7-3570A2512D6B}
	EndGlobalSection
EndGlobal
